// !$*UTF8*$!
{
	archiveVersion = 1;
	classes = {
	};
	objectVersion = 56;
	objects = {

/* Begin PBXBuildFile section */
		071D78132B2BF68C00A71817 /* barber.cpp in Sources */ = {isa = PBXBuildFile; fileRef = 071D78122B2BF68C00A71817 /* barber.cpp */; };
		071D78152B2BF6A500A71817 /* reader.cpp in Sources */ = {isa = PBXBuildFile; fileRef = 071D78142B2BF6A500A71817 /* reader.cpp */; };
		072F63442B2BF37D00152350 /* main.cpp in Sources */ = {isa = PBXBuildFile; fileRef = 072F63432B2BF37D00152350 /* main.cpp */; };
		0781B2252B35663B00632C83 /* interpreter2.cpp in Sources */ = {isa = PBXBuildFile; fileRef = 0781B2242B35663B00632C83 /* interpreter2.cpp */; };
		079F38A42B32BDF6009AC736 /* myfind.cpp in Sources */ = {isa = PBXBuildFile; fileRef = 079F38A32B32BDF6009AC736 /* myfind.cpp */; };
		07D89EA92B355FE50067E1CE /* interpreter.cpp in Sources */ = {isa = PBXBuildFile; fileRef = 07D89EA82B355FE50067E1CE /* interpreter.cpp */; };
/* End PBXBuildFile section */

/* Begin PBXCopyFilesBuildPhase section */
		072F633E2B2BF37D00152350 /* CopyFiles */ = {
			isa = PBXCopyFilesBuildPhase;
			buildActionMask = 2147483647;
			dstPath = /usr/share/man/man1/;
			dstSubfolderSpec = 0;
			files = (
			);
			runOnlyForDeploymentPostprocessing = 1;
		};
/* End PBXCopyFilesBuildPhase section */

/* Begin PBXFileReference section */
		071D78122B2BF68C00A71817 /* barber.cpp */ = {isa = PBXFileReference; lastKnownFileType = sourcecode.cpp.cpp; path = barber.cpp; sourceTree = "<group>"; };
		071D78142B2BF6A500A71817 /* reader.cpp */ = {isa = PBXFileReference; lastKnownFileType = sourcecode.cpp.cpp; path = reader.cpp; sourceTree = "<group>"; };
		072F63402B2BF37D00152350 /* OS */ = {isa = PBXFileReference; explicitFileType = "compiled.mach-o.executable"; includeInIndex = 0; path = OS; sourceTree = BUILT_PRODUCTS_DIR; };
		072F63432B2BF37D00152350 /* main.cpp */ = {isa = PBXFileReference; lastKnownFileType = sourcecode.cpp.cpp; path = main.cpp; sourceTree = "<group>"; };
		072F634A2B2BF3D600152350 /* OS1 */ = {isa = PBXFileReference; lastKnownFileType = folder; path = OS1; sourceTree = "<group>"; };
		072F634B2B2BF44100152350 /* OS2 */ = {isa = PBXFileReference; lastKnownFileType = folder; path = OS2; sourceTree = "<group>"; };
		0781B2242B35663B00632C83 /* interpreter2.cpp */ = {isa = PBXFileReference; lastKnownFileType = sourcecode.cpp.cpp; path = interpreter2.cpp; sourceTree = "<group>"; };
		079F38A32B32BDF6009AC736 /* myfind.cpp */ = {isa = PBXFileReference; lastKnownFileType = sourcecode.cpp.cpp; path = myfind.cpp; sourceTree = "<group>"; };
		07D89EA82B355FE50067E1CE /* interpreter.cpp */ = {isa = PBXFileReference; lastKnownFileType = sourcecode.cpp.cpp; path = interpreter.cpp; sourceTree = "<group>"; };
/* End PBXFileReference section */

/* Begin PBXFrameworksBuildPhase section */
		072F633D2B2BF37D00152350 /* Frameworks */ = {
			isa = PBXFrameworksBuildPhase;
			buildActionMask = 2147483647;
			files = (
			);
			runOnlyForDeploymentPostprocessing = 0;
		};
/* End PBXFrameworksBuildPhase section */

/* Begin PBXGroup section */
		072F63372B2BF37D00152350 = {
			isa = PBXGroup;
			children = (
				072F63422B2BF37D00152350 /* OS */,
				072F63412B2BF37D00152350 /* Products */,
			);
			sourceTree = "<group>";
		};
		072F63412B2BF37D00152350 /* Products */ = {
			isa = PBXGroup;
			children = (
				072F63402B2BF37D00152350 /* OS */,
			);
			name = Products;
			sourceTree = "<group>";
		};
		072F63422B2BF37D00152350 /* OS */ = {
			isa = PBXGroup;
			children = (
				07D89EA72B355FB80067E1CE /* OS4 */,
				079F38A22B32BDDE009AC736 /* OS3 */,
				072F634B2B2BF44100152350 /* OS2 */,
				072F634A2B2BF3D600152350 /* OS1 */,
				072F63432B2BF37D00152350 /* main.cpp */,
				071D78122B2BF68C00A71817 /* barber.cpp */,
				071D78142B2BF6A500A71817 /* reader.cpp */,
			);
			path = OS;
			sourceTree = "<group>";
		};
		079F38A22B32BDDE009AC736 /* OS3 */ = {
			isa = PBXGroup;
			children = (
				079F38A32B32BDF6009AC736 /* myfind.cpp */,
			);
			name = OS3;
			sourceTree = "<group>";
		};
		07D89EA72B355FB80067E1CE /* OS4 */ = {
			isa = PBXGroup;
			children = (
				07D89EA82B355FE50067E1CE /* interpreter.cpp */,
				0781B2242B35663B00632C83 /* interpreter2.cpp */,
			);
			path = OS4;
			sourceTree = "<group>";
		};
/* End PBXGroup section */

/* Begin PBXNativeTarget section */
		072F633F2B2BF37D00152350 /* OS */ = {
			isa = PBXNativeTarget;
			buildConfigurationList = 072F63472B2BF37D00152350 /* Build configuration list for PBXNativeTarget "OS" */;
			buildPhases = (
				072F633C2B2BF37D00152350 /* Sources */,
				072F633D2B2BF37D00152350 /* Frameworks */,
				072F633E2B2BF37D00152350 /* CopyFiles */,
			);
			buildRules = (
			);
			dependencies = (
			);
			name = OS;
			productName = OS;
			productReference = 072F63402B2BF37D00152350 /* OS */;
			productType = "com.apple.product-type.tool";
		};
/* End PBXNativeTarget section */

/* Begin PBXProject section */
		072F63382B2BF37D00152350 /* Project object */ = {
			isa = PBXProject;
			attributes = {
				BuildIndependentTargetsInParallel = 1;
				LastUpgradeCheck = 1510;
				TargetAttributes = {
					072F633F2B2BF37D00152350 = {
						CreatedOnToolsVersion = 15.1;
					};
				};
			};
			buildConfigurationList = 072F633B2B2BF37D00152350 /* Build configuration list for PBXProject "OS" */;
			compatibilityVersion = "Xcode 14.0";
			developmentRegion = en;
			hasScannedForEncodings = 0;
			knownRegions = (
				en,
				Base,
			);
			mainGroup = 072F63372B2BF37D00152350;
			productRefGroup = 072F63412B2BF37D00152350 /* Products */;
			projectDirPath = "";
			projectRoot = "";
			targets = (
				072F633F2B2BF37D00152350 /* OS */,
			);
		};
/* End PBXProject section */

/* Begin PBXSourcesBuildPhase section */
		072F633C2B2BF37D00152350 /* Sources */ = {
			isa = PBXSourcesBuildPhase;
			buildActionMask = 2147483647;
			files = (
				072F63442B2BF37D00152350 /* main.cpp in Sources */,
				071D78152B2BF6A500A71817 /* reader.cpp in Sources */,
				079F38A42B32BDF6009AC736 /* myfind.cpp in Sources */,
				0781B2252B35663B00632C83 /* interpreter2.cpp in Sources */,
				071D78132B2BF68C00A71817 /* barber.cpp in Sources */,
				07D89EA92B355FE50067E1CE /* interpreter.cpp in Sources */,
			);
			runOnlyForDeploymentPostprocessing = 0;
		};
/* End PBXSourcesBuildPhase section */

/* Begin XCBuildConfiguration section */
		072F63452B2BF37D00152350 /* Debug */ = {
			isa = XCBuildConfiguration;
			buildSettings = {
				ALWAYS_SEARCH_USER_PATHS = NO;
				ASSETCATALOG_COMPILER_GENERATE_SWIFT_ASSET_SYMBOL_EXTENSIONS = YES;
				CLANG_ANALYZER_NONNULL = YES;
				CLANG_ANALYZER_NUMBER_OBJECT_CONVERSION = YES_AGGRESSIVE;
				CLANG_CXX_LANGUAGE_STANDARD = "gnu++20";
				CLANG_ENABLE_MODULES = YES;
				CLANG_ENABLE_OBJC_ARC = YES;
				CLANG_ENABLE_OBJC_WEAK = YES;
				CLANG_WARN_BLOCK_CAPTURE_AUTORELEASING = YES;
				CLANG_WARN_BOOL_CONVERSION = YES;
				CLANG_WARN_COMMA = YES;
				CLANG_WARN_CONSTANT_CONVERSION = YES;
				CLANG_WARN_DEPRECATED_OBJC_IMPLEMENTATIONS = YES;
				CLANG_WARN_DIRECT_OBJC_ISA_USAGE = YES_ERROR;
				CLANG_WARN_DOCUMENTATION_COMMENTS = YES;
				CLANG_WARN_EMPTY_BODY = YES;
				CLANG_WARN_ENUM_CONVERSION = YES;
				CLANG_WARN_INFINITE_RECURSION = YES;
				CLANG_WARN_INT_CONVERSION = YES;
				CLANG_WARN_NON_LITERAL_NULL_CONVERSION = YES;
				CLANG_WARN_OBJC_IMPLICIT_RETAIN_SELF = YES;
				CLANG_WARN_OBJC_LITERAL_CONVERSION = YES;
				CLANG_WARN_OBJC_ROOT_CLASS = YES_ERROR;
				CLANG_WARN_QUOTED_INCLUDE_IN_FRAMEWORK_HEADER = YES;
				CLANG_WARN_RANGE_LOOP_ANALYSIS = YES;
				CLANG_WARN_STRICT_PROTOTYPES = YES;
				CLANG_WARN_SUSPICIOUS_MOVE = YES;
				CLANG_WARN_UNGUARDED_AVAILABILITY = YES_AGGRESSIVE;
				CLANG_WARN_UNREACHABLE_CODE = YES;
				CLANG_WARN__DUPLICATE_METHOD_MATCH = YES;
				COPY_PHASE_STRIP = NO;
				DEBUG_INFORMATION_FORMAT = dwarf;
				ENABLE_STRICT_OBJC_MSGSEND = YES;
				ENABLE_TESTABILITY = YES;
				ENABLE_USER_SCRIPT_SANDBOXING = YES;
				GCC_C_LANGUAGE_STANDARD = gnu17;
				GCC_DYNAMIC_NO_PIC = NO;
				GCC_NO_COMMON_BLOCKS = YES;
				GCC_OPTIMIZATION_LEVEL = 0;
				GCC_PREPROCESSOR_DEFINITIONS = (
					"DEBUG=1",
					"$(inherited)",
				);
				GCC_WARN_64_TO_32_BIT_CONVERSION = YES;
				GCC_WARN_ABOUT_RETURN_TYPE = YES_ERROR;
				GCC_WARN_UNDECLARED_SELECTOR = YES;
				GCC_WARN_UNINITIALIZED_AUTOS = YES_AGGRESSIVE;
				GCC_WARN_UNUSED_FUNCTION = YES;
				GCC_WARN_UNUSED_VARIABLE = YES;
				LOCALIZATION_PREFERS_STRING_CATALOGS = YES;
				MACOSX_DEPLOYMENT_TARGET = 14.2;
				MTL_ENABLE_DEBUG_INFO = INCLUDE_SOURCE;
				MTL_FAST_MATH = YES;
				ONLY_ACTIVE_ARCH = YES;
				SDKROOT = macosx;
			};
			name = Debug;
		};
		072F63462B2BF37D00152350 /* Release */ = {
			isa = XCBuildConfiguration;
			buildSettings = {
				ALWAYS_SEARCH_USER_PATHS = NO;
				ASSETCATALOG_COMPILER_GENERATE_SWIFT_ASSET_SYMBOL_EXTENSIONS = YES;
				CLANG_ANALYZER_NONNULL = YES;
				CLANG_ANALYZER_NUMBER_OBJECT_CONVERSION = YES_AGGRESSIVE;
				CLANG_CXX_LANGUAGE_STANDARD = "gnu++20";
				CLANG_ENABLE_MODULES = YES;
				CLANG_ENABLE_OBJC_ARC = YES;
				CLANG_ENABLE_OBJC_WEAK = YES;
				CLANG_WARN_BLOCK_CAPTURE_AUTORELEASING = YES;
				CLANG_WARN_BOOL_CONVERSION = YES;
				CLANG_WARN_COMMA = YES;
				CLANG_WARN_CONSTANT_CONVERSION = YES;
				CLANG_WARN_DEPRECATED_OBJC_IMPLEMENTATIONS = YES;
				CLANG_WARN_DIRECT_OBJC_ISA_USAGE = YES_ERROR;
				CLANG_WARN_DOCUMENTATION_COMMENTS = YES;
				CLANG_WARN_EMPTY_BODY = YES;
				CLANG_WARN_ENUM_CONVERSION = YES;
				CLANG_WARN_INFINITE_RECURSION = YES;
				CLANG_WARN_INT_CONVERSION = YES;
				CLANG_WARN_NON_LITERAL_NULL_CONVERSION = YES;
				CLANG_WARN_OBJC_IMPLICIT_RETAIN_SELF = YES;
				CLANG_WARN_OBJC_LITERAL_CONVERSION = YES;
				CLANG_WARN_OBJC_ROOT_CLASS = YES_ERROR;
				CLANG_WARN_QUOTED_INCLUDE_IN_FRAMEWORK_HEADER = YES;
				CLANG_WARN_RANGE_LOOP_ANALYSIS = YES;
				CLANG_WARN_STRICT_PROTOTYPES = YES;
				CLANG_WARN_SUSPICIOUS_MOVE = YES;
				CLANG_WARN_UNGUARDED_AVAILABILITY = YES_AGGRESSIVE;
				CLANG_WARN_UNREACHABLE_CODE = YES;
				CLANG_WARN__DUPLICATE_METHOD_MATCH = YES;
				COPY_PHASE_STRIP = NO;
				DEBUG_INFORMATION_FORMAT = "dwarf-with-dsym";
				ENABLE_NS_ASSERTIONS = NO;
				ENABLE_STRICT_OBJC_MSGSEND = YES;
				ENABLE_USER_SCRIPT_SANDBOXING = YES;
				GCC_C_LANGUAGE_STANDARD = gnu17;
				GCC_NO_COMMON_BLOCKS = YES;
				GCC_WARN_64_TO_32_BIT_CONVERSION = YES;
				GCC_WARN_ABOUT_RETURN_TYPE = YES_ERROR;
				GCC_WARN_UNDECLARED_SELECTOR = YES;
				GCC_WARN_UNINITIALIZED_AUTOS = YES_AGGRESSIVE;
				GCC_WARN_UNUSED_FUNCTION = YES;
				GCC_WARN_UNUSED_VARIABLE = YES;
				LOCALIZATION_PREFERS_STRING_CATALOGS = YES;
				MACOSX_DEPLOYMENT_TARGET = 14.2;
				MTL_ENABLE_DEBUG_INFO = NO;
				MTL_FAST_MATH = YES;
				SDKROOT = macosx;
			};
			name = Release;
		};
		072F63482B2BF37D00152350 /* Debug */ = {
			isa = XCBuildConfiguration;
			buildSettings = {
				CODE_SIGN_STYLE = Automatic;
				PRODUCT_NAME = "$(TARGET_NAME)";
			};
			name = Debug;
		};
		072F63492B2BF37D00152350 /* Release */ = {
			isa = XCBuildConfiguration;
			buildSettings = {
				CODE_SIGN_STYLE = Automatic;
				PRODUCT_NAME = "$(TARGET_NAME)";
			};
			name = Release;
		};
/* End XCBuildConfiguration section */

/* Begin XCConfigurationList section */
		072F633B2B2BF37D00152350 /* Build configuration list for PBXProject "OS" */ = {
			isa = XCConfigurationList;
			buildConfigurations = (
				072F63452B2BF37D00152350 /* Debug */,
				072F63462B2BF37D00152350 /* Release */,
			);
			defaultConfigurationIsVisible = 0;
			defaultConfigurationName = Release;
		};
		072F63472B2BF37D00152350 /* Build configuration list for PBXNativeTarget "OS" */ = {
			isa = XCConfigurationList;
			buildConfigurations = (
				072F63482B2BF37D00152350 /* Debug */,
				072F63492B2BF37D00152350 /* Release */,
			);
			defaultConfigurationIsVisible = 0;
			defaultConfigurationName = Release;
		};
/* End XCConfigurationList section */
	};
	rootObject = 072F63382B2BF37D00152350 /* Project object */;
}
